
Microsoft Visual Studio Solution File, Format Version 12.00
# Visual Studio Version 17
VisualStudioVersion = 17.1.32228.430
MinimumVisualStudioVersion = 10.0.40219.1
Project("{FAE04EC0-301F-11D3-BF4B-00C04F79EFBC}") = "API", "API.csproj", "{3AA446C0-67A4-45E5-86C5-41629F58CEE7}"
EndProject
Project("{FAE04EC0-301F-11D3-BF4B-00C04F79EFBC}") = "Application", "..\Application\Application.csproj", "{899EC9AB-C799-43C8-A1C7-373E84128F00}"
EndProject
Project("{FAE04EC0-301F-11D3-BF4B-00C04F79EFBC}") = "Domain", "..\Domain\Domain.csproj", "{B2D0A862-F569-4E19-A961-5941FE440EF0}"
EndProject
Project("{FAE04EC0-301F-11D3-BF4B-00C04F79EFBC}") = "Infrastructure", "..\Infrastructure\Infrastructure.csproj", "{E735B92E-90F4-47D9-8EF0-18FB785F653A}"
EndProject
Global
	GlobalSection(SolutionConfigurationPlatforms) = preSolution
		Debug|Any CPU = Debug|Any CPU
		Release|Any CPU = Release|Any CPU
	EndGlobalSection
	GlobalSection(ProjectConfigurationPlatforms) = postSolution
		{3AA446C0-67A4-45E5-86C5-41629F58CEE7}.Debug|Any CPU.ActiveCfg = Debug|Any CPU
		{3AA446C0-67A4-45E5-86C5-41629F58CEE7}.Debug|Any CPU.Build.0 = Debug|Any CPU
		{3AA446C0-67A4-45E5-86C5-41629F58CEE7}.Release|Any CPU.ActiveCfg = Release|Any CPU
		{3AA446C0-67A4-45E5-86C5-41629F58CEE7}.Release|Any CPU.Build.0 = Release|Any CPU
		{899EC9AB-C799-43C8-A1C7-373E84128F00}.Debug|Any CPU.ActiveCfg = Debug|Any CPU
		{899EC9AB-C799-43C8-A1C7-373E84128F00}.Debug|Any CPU.Build.0 = Debug|Any CPU
		{899EC9AB-C799-43C8-A1C7-373E84128F00}.Release|Any CPU.ActiveCfg = Release|Any CPU
		{899EC9AB-C799-43C8-A1C7-373E84128F00}.Release|Any CPU.Build.0 = Release|Any CPU
		{B2D0A862-F569-4E19-A961-5941FE440EF0}.Debug|Any CPU.ActiveCfg = Debug|Any CPU
		{B2D0A862-F569-4E19-A961-5941FE440EF0}.Debug|Any CPU.Build.0 = Debug|Any CPU
		{B2D0A862-F569-4E19-A961-5941FE440EF0}.Release|Any CPU.ActiveCfg = Release|Any CPU
		{B2D0A862-F569-4E19-A961-5941FE440EF0}.Release|Any CPU.Build.0 = Release|Any CPU
		{E735B92E-90F4-47D9-8EF0-18FB785F653A}.Debug|Any CPU.ActiveCfg = Debug|Any CPU
		{E735B92E-90F4-47D9-8EF0-18FB785F653A}.Debug|Any CPU.Build.0 = Debug|Any CPU
		{E735B92E-90F4-47D9-8EF0-18FB785F653A}.Release|Any CPU.ActiveCfg = Release|Any CPU
		{E735B92E-90F4-47D9-8EF0-18FB785F653A}.Release|Any CPU.Build.0 = Release|Any CPU
	EndGlobalSection
	GlobalSection(SolutionProperties) = preSolution
		HideSolutionNode = FALSE
	EndGlobalSection
	GlobalSection(ExtensibilityGlobals) = postSolution
		SolutionGuid = {63F4B154-1C79-487B-93CD-123DD873FA58}
	EndGlobalSection
EndGlobal
